<?xml version="1.0" encoding="utf-8"?>
<Project ToolsVersion="4.0" xmlns="http://schemas.microsoft.com/developer/msbuild/2003">
  <ItemGroup>
    <Filter Include="Source Files">
      <UniqueIdentifier>{4FC737F1-C7A5-4376-A066-2A32D752A2FF}</UniqueIdentifier>
      <Extensions>cpp;c;cc;cxx;def;odl;idl;hpj;bat;asm;asmx</Extensions>
    </Filter>
    <Filter Include="Header Files">
      <UniqueIdentifier>{93995380-89BD-4b04-88EB-625FBE52EBFB}</UniqueIdentifier>
      <Extensions>h;hh;hpp;hxx;hm;inl;inc;ipp;xsd</Extensions>
    </Filter>
    <Filter Include="Resource Files">
      <UniqueIdentifier>{67DA6AB6-F800-4c08-8B7A-83BB121AAD01}</UniqueIdentifier>
      <Extensions>rc;ico;cur;bmp;dlg;rc2;rct;bin;rgs;gif;jpg;jpeg;jpe;resx;tiff;tif;png;wav;mfcribbon-ms</Extensions>
    </Filter>
  </ItemGroup>
  <ItemGroup>
    <None Include="imgui.ini" />
    <None Include="scr\Data\Fonts\comic_sans_ms_16.spritefont" />
    <None Include="scr\imgui.ini" />
    <None Include="scr\Includes\SimpleMath.inl">
      <Filter>Header Files</Filter>
    </None>
    <None Include="packages.config" />
    <None Include="x64\Debug\vc142.idb" />
    <None Include="x64\Debug\vc142.pdb" />
    <None Include="x64\Debug\Lua.tlog\CL.command.1.tlog" />
    <None Include="x64\Debug\Lua.tlog\CL.read.1.tlog" />
    <None Include="x64\Debug\Lua.tlog\CL.write.1.tlog" />
    <None Include="x64\Debug\Lua.tlog\fxc.command.1.tlog" />
    <None Include="x64\Debug\Lua.tlog\fxc.read.1.tlog" />
    <None Include="x64\Debug\Lua.tlog\fxc.write.1.tlog" />
    <None Include="x64\Debug\Lua.tlog\link.command.1.tlog" />
    <None Include="x64\Debug\Lua.tlog\link.read.1.tlog" />
    <None Include="x64\Debug\Lua.tlog\link.write.1.tlog" />
    <None Include="x64\Debug\Lua.tlog\Lua.lastbuildstate" />
    <None Include="Luafiles\Text.lua" />
    <None Include="Luafiles\test.lua" />
    <None Include="scr\test.lua" />
    <None Include="lua53.dll" />
    <None Include="LibLua.lua" />
    <None Include="mainLua.lua" />
  </ItemGroup>
  <ItemGroup>
    <Text Include="Level.txt" />
    <Text Include="x64\Debug\Lua.Build.CppClean.log" />
    <Text Include="x64\Debug\Lua.log" />
    <Text Include="x64\Debug\Lua.vcxproj.FileListAbsolute.txt" />
    <Text Include="Luafiles\test2.txt" />
    <Text Include="scr\test2.txt" />
    <Text Include="test2.txt" />
  </ItemGroup>
  <ItemGroup>
    <ClCompile Include="scr\Engine.cpp">
      <Filter>Source Files</Filter>
    </ClCompile>
    <ClCompile Include="scr\ErrorLogger.cpp">
      <Filter>Source Files</Filter>
    </ClCompile>
    <ClCompile Include="scr\InputHandler.cpp">
      <Filter>Source Files</Filter>
    </ClCompile>
    <ClCompile Include="scr\RenderWindow.cpp">
      <Filter>Source Files</Filter>
    </ClCompile>
    <ClCompile Include="scr\Source.cpp">
      <Filter>Source Files</Filter>
    </ClCompile>
    <ClCompile Include="scr\Timer.cpp">
      <Filter>Source Files</Filter>
    </ClCompile>
    <ClCompile Include="scr\WindowContainer.cpp">
      <Filter>Source Files</Filter>
    </ClCompile>
    <ClCompile Include="scr\Keyboard\KeyboardClass.cpp">
      <Filter>Source Files</Filter>
    </ClCompile>
    <ClCompile Include="scr\Keyboard\KeyboardEvent.cpp">
      <Filter>Source Files</Filter>
    </ClCompile>
    <ClCompile Include="scr\Graphics\ImGui\imgui.cpp">
      <Filter>Source Files</Filter>
    </ClCompile>
    <ClCompile Include="scr\Graphics\ImGui\imgui_demo.cpp">
      <Filter>Source Files</Filter>
    </ClCompile>
    <ClCompile Include="scr\Graphics\ImGui\imgui_draw.cpp">
      <Filter>Source Files</Filter>
    </ClCompile>
    <ClCompile Include="scr\Graphics\ImGui\imgui_impl_dx11.cpp">
      <Filter>Source Files</Filter>
    </ClCompile>
    <ClCompile Include="scr\Graphics\ImGui\imgui_impl_win32.cpp">
      <Filter>Source Files</Filter>
    </ClCompile>
    <ClCompile Include="scr\Graphics\ImGui\imgui_widgets.cpp">
      <Filter>Source Files</Filter>
    </ClCompile>
    <ClCompile Include="scr\Graphics\Camera.cpp">
      <Filter>Source Files</Filter>
    </ClCompile>
    <ClCompile Include="scr\Graphics\D3DBase.cpp">
      <Filter>Source Files</Filter>
    </ClCompile>
    <ClCompile Include="scr\Graphics\GameObject.cpp">
      <Filter>Source Files</Filter>
    </ClCompile>
    <ClCompile Include="scr\Graphics\Graphics.cpp">
      <Filter>Source Files</Filter>
    </ClCompile>
    <ClCompile Include="scr\Graphics\Mesh.cpp">
      <Filter>Source Files</Filter>
    </ClCompile>
    <ClCompile Include="scr\Graphics\Shaders.cpp">
      <Filter>Source Files</Filter>
    </ClCompile>
    <ClCompile Include="scr\Mouse\MouseClass.cpp">
      <Filter>Source Files</Filter>
    </ClCompile>
    <ClCompile Include="scr\Mouse\MouseEvent.cpp">
      <Filter>Source Files</Filter>
    </ClCompile>
    <ClCompile Include="scr\LuaEngine.cpp">
      <Filter>Source Files</Filter>
    </ClCompile>
    <ClCompile Include="Loader.cpp">
      <Filter>Source Files</Filter>
    </ClCompile>
    <ClCompile Include="scr\InputManager.cpp">
      <Filter>Source Files</Filter>
    </ClCompile>
    <ClCompile Include="scr\Graphics\MeshManger.cpp">
      <Filter>Source Files</Filter>
    </ClCompile>
    <ClCompile Include="scr\Graphics\ProjectileManager.cpp">
      <Filter>Source Files</Filter>
    </ClCompile>
  </ItemGroup>
  <ItemGroup>
    <ClInclude Include="scr\WindowContainer.h">
      <Filter>Header Files</Filter>
    </ClInclude>
    <ClInclude Include="scr\Engine.h">
      <Filter>Header Files</Filter>
    </ClInclude>
    <ClInclude Include="scr\ErrorLogger.h">
      <Filter>Header Files</Filter>
    </ClInclude>
    <ClInclude Include="scr\InputHandler.h">
      <Filter>Header Files</Filter>
    </ClInclude>
    <ClInclude Include="scr\RenderWindow.h">
      <Filter>Header Files</Filter>
    </ClInclude>
    <ClInclude Include="scr\resource.h">
      <Filter>Header Files</Filter>
    </ClInclude>
    <ClInclude Include="scr\Timer.h">
      <Filter>Header Files</Filter>
    </ClInclude>
    <ClInclude Include="scr\Keyboard\KeyboardEvent.h">
      <Filter>Header Files</Filter>
    </ClInclude>
    <ClInclude Include="scr\Keyboard\KeyboardClass.h">
      <Filter>Header Files</Filter>
    </ClInclude>
    <ClInclude Include="scr\Includes\XboxDDSTextureLoader.h">
      <Filter>Header Files</Filter>
    </ClInclude>
    <ClInclude Include="scr\Includes\Audio.h">
      <Filter>Header Files</Filter>
    </ClInclude>
    <ClInclude Include="scr\Includes\CommonStates.h">
      <Filter>Header Files</Filter>
    </ClInclude>
    <ClInclude Include="scr\Includes\DDSTextureLoader.h">
      <Filter>Header Files</Filter>
    </ClInclude>
    <ClInclude Include="scr\Includes\DirectXHelpers.h">
      <Filter>Header Files</Filter>
    </ClInclude>
    <ClInclude Include="scr\Includes\Effects.h">
      <Filter>Header Files</Filter>
    </ClInclude>
    <ClInclude Include="scr\Includes\GamePad.h">
      <Filter>Header Files</Filter>
    </ClInclude>
    <ClInclude Include="scr\Includes\GeometricPrimitive.h">
      <Filter>Header Files</Filter>
    </ClInclude>
    <ClInclude Include="scr\Includes\GraphicsMemory.h">
      <Filter>Header Files</Filter>
    </ClInclude>
    <ClInclude Include="scr\Includes\Keyboard.h">
      <Filter>Header Files</Filter>
    </ClInclude>
    <ClInclude Include="scr\Includes\Model.h">
      <Filter>Header Files</Filter>
    </ClInclude>
    <ClInclude Include="scr\Includes\Mouse.h">
      <Filter>Header Files</Filter>
    </ClInclude>
    <ClInclude Include="scr\Includes\PostProcess.h">
      <Filter>Header Files</Filter>
    </ClInclude>
    <ClInclude Include="scr\Includes\PrimitiveBatch.h">
      <Filter>Header Files</Filter>
    </ClInclude>
    <ClInclude Include="scr\Includes\ScreenGrab.h">
      <Filter>Header Files</Filter>
    </ClInclude>
    <ClInclude Include="scr\Includes\SimpleMath.h">
      <Filter>Header Files</Filter>
    </ClInclude>
    <ClInclude Include="scr\Includes\SpriteBatch.h">
      <Filter>Header Files</Filter>
    </ClInclude>
    <ClInclude Include="scr\Includes\SpriteFont.h">
      <Filter>Header Files</Filter>
    </ClInclude>
    <ClInclude Include="scr\Includes\VertexTypes.h">
      <Filter>Header Files</Filter>
    </ClInclude>
    <ClInclude Include="scr\Includes\WICTextureLoader.h">
      <Filter>Header Files</Filter>
    </ClInclude>
    <ClInclude Include="scr\Graphics\VertexBuffer.h">
      <Filter>Header Files</Filter>
    </ClInclude>
    <ClInclude Include="scr\Graphics\ImGui\imconfig.h">
      <Filter>Header Files</Filter>
    </ClInclude>
    <ClInclude Include="scr\Graphics\ImGui\imgui.h">
      <Filter>Header Files</Filter>
    </ClInclude>
    <ClInclude Include="scr\Graphics\ImGui\imgui_impl_dx11.h">
      <Filter>Header Files</Filter>
    </ClInclude>
    <ClInclude Include="scr\Graphics\ImGui\imgui_impl_win32.h">
      <Filter>Header Files</Filter>
    </ClInclude>
    <ClInclude Include="scr\Graphics\ImGui\imgui_internal.h">
      <Filter>Header Files</Filter>
    </ClInclude>
    <ClInclude Include="scr\Graphics\ImGui\imstb_rectpack.h">
      <Filter>Header Files</Filter>
    </ClInclude>
    <ClInclude Include="scr\Graphics\ImGui\imstb_textedit.h">
      <Filter>Header Files</Filter>
    </ClInclude>
    <ClInclude Include="scr\Graphics\ImGui\imstb_truetype.h">
      <Filter>Header Files</Filter>
    </ClInclude>
    <ClInclude Include="scr\Graphics\Camera.h">
      <Filter>Header Files</Filter>
    </ClInclude>
    <ClInclude Include="scr\Graphics\ConstantBuffer.h">
      <Filter>Header Files</Filter>
    </ClInclude>
    <ClInclude Include="scr\Graphics\ConstantBufferTypes.h">
      <Filter>Header Files</Filter>
    </ClInclude>
    <ClInclude Include="scr\Graphics\D3DBase.h">
      <Filter>Header Files</Filter>
    </ClInclude>
    <ClInclude Include="scr\Graphics\GameObject.h">
      <Filter>Header Files</Filter>
    </ClInclude>
    <ClInclude Include="scr\Graphics\Graphics.h">
      <Filter>Header Files</Filter>
    </ClInclude>
    <ClInclude Include="scr\Graphics\IndexBuffer.h">
      <Filter>Header Files</Filter>
    </ClInclude>
    <ClInclude Include="scr\Graphics\Mesh.h">
      <Filter>Header Files</Filter>
    </ClInclude>
    <ClInclude Include="scr\Graphics\Shaders.h">
      <Filter>Header Files</Filter>
    </ClInclude>
    <ClInclude Include="scr\Graphics\Vertex.h">
      <Filter>Header Files</Filter>
    </ClInclude>
    <ClInclude Include="scr\Mouse\MouseEvent.h">
      <Filter>Header Files</Filter>
    </ClInclude>
    <ClInclude Include="scr\Mouse\MouseClass.h">
      <Filter>Header Files</Filter>
    </ClInclude>
    <ClInclude Include="scr\Graphics\MeshManger.h">
      <Filter>Header Files</Filter>
    </ClInclude>
    <ClInclude Include="scr\LuaEngine.h">
      <Filter>Header Files</Filter>
    </ClInclude>
    <ClInclude Include="Loader.h">
      <Filter>Header Files</Filter>
    </ClInclude>
    <ClInclude Include="scr\InputManager.h">
      <Filter>Header Files</Filter>
    </ClInclude>
    <ClInclude Include="scr\Graphics\ProjectileManager.h">
      <Filter>Header Files</Filter>
    </ClInclude>
  </ItemGroup>
  <ItemGroup>
    <FxCompile Include="PS_Color.hlsl" />
    <FxCompile Include="VS_Color.hlsl" />
    <FxCompile Include="vertexshader.hlsl" />
    <FxCompile Include="pixelshader.hlsl" />
    <FxCompile Include="GS.hlsl" />
  </ItemGroup>
  <ItemGroup>
    <Image Include="scr\Data\Textures\piano.PNG">
      <Filter>Resource Files</Filter>
    </Image>
    <Image Include="scr\Data\Textures\pinksquare.jpg">
      <Filter>Resource Files</Filter>
    </Image>
    <Image Include="scr\Data\Textures\seamless_grass.jpg">
      <Filter>Resource Files</Filter>
    </Image>
    <Image Include="scr\Data\Textures\seamless_pavement.jpg">
      <Filter>Resource Files</Filter>
    </Image>
  </ItemGroup>
  <ItemGroup>
    <Object Include="x64\Debug\WindowContainer.obj" />
    <Object Include="x64\Debug\Camera.obj" />
    <Object Include="x64\Debug\D3DBase.obj" />
    <Object Include="x64\Debug\Engine.obj" />
    <Object Include="x64\Debug\ErrorLogger.obj" />
    <Object Include="x64\Debug\GameObject.obj" />
    <Object Include="x64\Debug\Graphics.obj" />
    <Object Include="x64\Debug\imgui.obj" />
    <Object Include="x64\Debug\imgui_demo.obj" />
    <Object Include="x64\Debug\imgui_draw.obj" />
    <Object Include="x64\Debug\imgui_impl_dx11.obj" />
    <Object Include="x64\Debug\imgui_impl_win32.obj" />
    <Object Include="x64\Debug\imgui_widgets.obj" />
    <Object Include="x64\Debug\InputHandler.obj" />
    <Object Include="x64\Debug\KeyboardClass.obj" />
    <Object Include="x64\Debug\KeyboardEvent.obj" />
    <Object Include="x64\Debug\Loader.obj" />
    <Object Include="x64\Debug\Mesh.obj" />
    <Object Include="x64\Debug\MouseClass.obj" />
    <Object Include="x64\Debug\MouseEvent.obj" />
    <Object Include="x64\Debug\RenderWindow.obj" />
    <Object Include="x64\Debug\Shaders.obj" />
    <Object Include="x64\Debug\Source.obj" />
    <Object Include="x64\Debug\Timer.obj" />
  </ItemGroup>
  <ItemGroup>
    <Library Include="liblua53.a" />
  </ItemGroup>
</Project>